// !$*UTF8*$!
{
	archiveVersion = 1;
	classes = {
	};
	objectVersion = 56;
	objects = {

/* Begin PBXBuildFile section */
		4E4C7FAF2C8B6105003F3F96 /* ElbowAngleDetector.swift in Sources */ = {isa = PBXBuildFile; fileRef = 4E4C7FAE2C8B6105003F3F96 /* ElbowAngleDetector.swift */; };
		4E4C7FB12C8B6275003F3F96 /* FingerBendDetector.swift in Sources */ = {isa = PBXBuildFile; fileRef = 4E4C7FB02C8B6275003F3F96 /* FingerBendDetector.swift */; };
		4E4C7FB32C8B6311003F3F96 /* FingerWidthDetector.swift in Sources */ = {isa = PBXBuildFile; fileRef = 4E4C7FB22C8B6311003F3F96 /* FingerWidthDetector.swift */; };
		4E4C7FB52C8B6493003F3F96 /* HandBoundingBoxDetector.swift in Sources */ = {isa = PBXBuildFile; fileRef = 4E4C7FB42C8B6493003F3F96 /* HandBoundingBoxDetector.swift */; };
		4EA250AA2C88D31F00E671E7 /* DepthAnythingV2.mlpackage in Sources */ = {isa = PBXBuildFile; fileRef = 4EA250A92C88D31F00E671E7 /* DepthAnythingV2.mlpackage */; };
		4EA49E242C73A2FB00CDA5C9 /* TripleTaleV2.mlmodel in Sources */ = {isa = PBXBuildFile; fileRef = 4EA49E232C73A2FB00CDA5C9 /* TripleTaleV2.mlmodel */; };
		4EA49E262C74145300CDA5C9 /* ComputerVision.swift in Sources */ = {isa = PBXBuildFile; fileRef = 4EA49E252C74145300CDA5C9 /* ComputerVision.swift */; };
		4EA49E282C7415EB00CDA5C9 /* ImageProcessing.swift in Sources */ = {isa = PBXBuildFile; fileRef = 4EA49E272C7415EB00CDA5C9 /* ImageProcessing.swift */; };
		4EA49E2C2C741DAA00CDA5C9 /* MainFlow.swift in Sources */ = {isa = PBXBuildFile; fileRef = 4EA49E2B2C741DAA00CDA5C9 /* MainFlow.swift */; };
		4EA49E2F2C750BED00CDA5C9 /* Measurements.swift in Sources */ = {isa = PBXBuildFile; fileRef = 4EA49E2E2C750BED00CDA5C9 /* Measurements.swift */; };
		4EA49E312C750D1600CDA5C9 /* Visualizations.swift in Sources */ = {isa = PBXBuildFile; fileRef = 4EA49E302C750D1600CDA5C9 /* Visualizations.swift */; };
		4EA91EA12C730A27001ACC69 /* AppDelegate.swift in Sources */ = {isa = PBXBuildFile; fileRef = 4EA91EA02C730A27001ACC69 /* AppDelegate.swift */; };
		4EA91EA52C730A27001ACC69 /* MainViewController.swift in Sources */ = {isa = PBXBuildFile; fileRef = 4EA91EA42C730A27001ACC69 /* MainViewController.swift */; };
		4EA91EA82C730A27001ACC69 /* Base in Resources */ = {isa = PBXBuildFile; fileRef = 4EA91EA72C730A27001ACC69 /* Base */; };
		4EA91EAA2C730A28001ACC69 /* Assets.xcassets in Resources */ = {isa = PBXBuildFile; fileRef = 4EA91EA92C730A28001ACC69 /* Assets.xcassets */; };
		4EA91EAD2C730A28001ACC69 /* Base in Resources */ = {isa = PBXBuildFile; fileRef = 4EA91EAC2C730A28001ACC69 /* Base */; };
		4EA91EB42C730CA1001ACC69 /* Utilities.swift in Sources */ = {isa = PBXBuildFile; fileRef = 4EA91EB32C730CA1001ACC69 /* Utilities.swift */; };
		4EA91EB62C730CCB001ACC69 /* SceneManipulations.swift in Sources */ = {isa = PBXBuildFile; fileRef = 4EA91EB52C730CCA001ACC69 /* SceneManipulations.swift */; };
		4EA91EB82C730D28001ACC69 /* BracketView.swift in Sources */ = {isa = PBXBuildFile; fileRef = 4EA91EB72C730D28001ACC69 /* BracketView.swift */; };
		4EA91EBA2C730EBF001ACC69 /* Extensions.swift in Sources */ = {isa = PBXBuildFile; fileRef = 4EA91EB92C730EBF001ACC69 /* Extensions.swift */; };
/* End PBXBuildFile section */

/* Begin PBXFileReference section */
		4E4C7FAE2C8B6105003F3F96 /* ElbowAngleDetector.swift */ = {isa = PBXFileReference; lastKnownFileType = sourcecode.swift; path = ElbowAngleDetector.swift; sourceTree = "<group>"; };
		4E4C7FB02C8B6275003F3F96 /* FingerBendDetector.swift */ = {isa = PBXFileReference; lastKnownFileType = sourcecode.swift; path = FingerBendDetector.swift; sourceTree = "<group>"; };
		4E4C7FB22C8B6311003F3F96 /* FingerWidthDetector.swift */ = {isa = PBXFileReference; lastKnownFileType = sourcecode.swift; path = FingerWidthDetector.swift; sourceTree = "<group>"; };
		4E4C7FB42C8B6493003F3F96 /* HandBoundingBoxDetector.swift */ = {isa = PBXFileReference; lastKnownFileType = sourcecode.swift; path = HandBoundingBoxDetector.swift; sourceTree = "<group>"; };
		4EA250A92C88D31F00E671E7 /* DepthAnythingV2.mlpackage */ = {isa = PBXFileReference; lastKnownFileType = folder.mlpackage; path = DepthAnythingV2.mlpackage; sourceTree = "<group>"; };
		4EA49E232C73A2FB00CDA5C9 /* TripleTaleV2.mlmodel */ = {isa = PBXFileReference; lastKnownFileType = file.mlmodel; path = TripleTaleV2.mlmodel; sourceTree = "<group>"; };
		4EA49E252C74145300CDA5C9 /* ComputerVision.swift */ = {isa = PBXFileReference; lastKnownFileType = sourcecode.swift; path = ComputerVision.swift; sourceTree = "<group>"; };
		4EA49E272C7415EB00CDA5C9 /* ImageProcessing.swift */ = {isa = PBXFileReference; lastKnownFileType = sourcecode.swift; path = ImageProcessing.swift; sourceTree = "<group>"; };
		4EA49E2B2C741DAA00CDA5C9 /* MainFlow.swift */ = {isa = PBXFileReference; lastKnownFileType = sourcecode.swift; path = MainFlow.swift; sourceTree = "<group>"; };
		4EA49E2E2C750BED00CDA5C9 /* Measurements.swift */ = {isa = PBXFileReference; lastKnownFileType = sourcecode.swift; path = Measurements.swift; sourceTree = "<group>"; };
		4EA49E302C750D1600CDA5C9 /* Visualizations.swift */ = {isa = PBXFileReference; lastKnownFileType = sourcecode.swift; path = Visualizations.swift; sourceTree = "<group>"; };
		4EA91E9D2C730A27001ACC69 /* TripleTale.app */ = {isa = PBXFileReference; explicitFileType = wrapper.application; includeInIndex = 0; path = TripleTale.app; sourceTree = BUILT_PRODUCTS_DIR; };
		4EA91EA02C730A27001ACC69 /* AppDelegate.swift */ = {isa = PBXFileReference; lastKnownFileType = sourcecode.swift; path = AppDelegate.swift; sourceTree = "<group>"; };
		4EA91EA42C730A27001ACC69 /* MainViewController.swift */ = {isa = PBXFileReference; lastKnownFileType = sourcecode.swift; path = MainViewController.swift; sourceTree = "<group>"; };
		4EA91EA72C730A27001ACC69 /* Base */ = {isa = PBXFileReference; lastKnownFileType = file.storyboard; name = Base; path = Base.lproj/Main.storyboard; sourceTree = "<group>"; };
		4EA91EA92C730A28001ACC69 /* Assets.xcassets */ = {isa = PBXFileReference; lastKnownFileType = folder.assetcatalog; path = Assets.xcassets; sourceTree = "<group>"; };
		4EA91EAC2C730A28001ACC69 /* Base */ = {isa = PBXFileReference; lastKnownFileType = file.storyboard; name = Base; path = Base.lproj/LaunchScreen.storyboard; sourceTree = "<group>"; };
		4EA91EB32C730CA1001ACC69 /* Utilities.swift */ = {isa = PBXFileReference; lastKnownFileType = sourcecode.swift; path = Utilities.swift; sourceTree = "<group>"; };
		4EA91EB52C730CCA001ACC69 /* SceneManipulations.swift */ = {isa = PBXFileReference; lastKnownFileType = sourcecode.swift; path = SceneManipulations.swift; sourceTree = "<group>"; };
		4EA91EB72C730D28001ACC69 /* BracketView.swift */ = {isa = PBXFileReference; lastKnownFileType = sourcecode.swift; path = BracketView.swift; sourceTree = "<group>"; };
		4EA91EB92C730EBF001ACC69 /* Extensions.swift */ = {isa = PBXFileReference; lastKnownFileType = sourcecode.swift; path = Extensions.swift; sourceTree = "<group>"; };
/* End PBXFileReference section */

/* Begin PBXFrameworksBuildPhase section */
		4EA91E9A2C730A27001ACC69 /* Frameworks */ = {
			isa = PBXFrameworksBuildPhase;
			buildActionMask = 2147483647;
			files = (
			);
			runOnlyForDeploymentPostprocessing = 0;
		};
/* End PBXFrameworksBuildPhase section */

/* Begin PBXGroup section */
		4EA49E292C74160900CDA5C9 /* Core */ = {
			isa = PBXGroup;
			children = (
				4EA49E2B2C741DAA00CDA5C9 /* MainFlow.swift */,
				4EA49E272C7415EB00CDA5C9 /* ImageProcessing.swift */,
				4EA49E252C74145300CDA5C9 /* ComputerVision.swift */,
			);
			path = Core;
			sourceTree = "<group>";
		};
		4EA49E2A2C74160F00CDA5C9 /* Support */ = {
			isa = PBXGroup;
			children = (
				4EA91EA02C730A27001ACC69 /* AppDelegate.swift */,
				4EA91EB32C730CA1001ACC69 /* Utilities.swift */,
				4EA91EB92C730EBF001ACC69 /* Extensions.swift */,
				4EA91EB72C730D28001ACC69 /* BracketView.swift */,
				4EA49E302C750D1600CDA5C9 /* Visualizations.swift */,
				4EA49E2E2C750BED00CDA5C9 /* Measurements.swift */,
				4EA91EB52C730CCA001ACC69 /* SceneManipulations.swift */,
				4E4C7FAE2C8B6105003F3F96 /* ElbowAngleDetector.swift */,
				4E4C7FB02C8B6275003F3F96 /* FingerBendDetector.swift */,
				4E4C7FB22C8B6311003F3F96 /* FingerWidthDetector.swift */,
				4E4C7FB42C8B6493003F3F96 /* HandBoundingBoxDetector.swift */,
			);
			path = Support;
			sourceTree = "<group>";
		};
		4EA49E2D2C74DCF000CDA5C9 /* Resources */ = {
			isa = PBXGroup;
			children = (
				4EA91EA92C730A28001ACC69 /* Assets.xcassets */,
				4EA49E232C73A2FB00CDA5C9 /* TripleTaleV2.mlmodel */,
				4EA250A92C88D31F00E671E7 /* DepthAnythingV2.mlpackage */,
				4EA91EA62C730A27001ACC69 /* Main.storyboard */,
				4EA91EAB2C730A28001ACC69 /* LaunchScreen.storyboard */,
			);
			path = Resources;
			sourceTree = "<group>";
		};
		4EA91E942C730A27001ACC69 = {
			isa = PBXGroup;
			children = (
				4EA91E9F2C730A27001ACC69 /* TripleTale */,
				4EA91E9E2C730A27001ACC69 /* Products */,
			);
			sourceTree = "<group>";
		};
		4EA91E9E2C730A27001ACC69 /* Products */ = {
			isa = PBXGroup;
			children = (
				4EA91E9D2C730A27001ACC69 /* TripleTale.app */,
			);
			name = Products;
			sourceTree = "<group>";
		};
		4EA91E9F2C730A27001ACC69 /* TripleTale */ = {
			isa = PBXGroup;
			children = (
				4EA91EA42C730A27001ACC69 /* MainViewController.swift */,
				4EA49E2A2C74160F00CDA5C9 /* Support */,
				4EA49E292C74160900CDA5C9 /* Core */,
				4EA49E2D2C74DCF000CDA5C9 /* Resources */,
			);
			path = TripleTale;
			sourceTree = "<group>";
		};
/* End PBXGroup section */

/* Begin PBXNativeTarget section */
		4EA91E9C2C730A27001ACC69 /* TripleTale */ = {
			isa = PBXNativeTarget;
			buildConfigurationList = 4EA91EB02C730A28001ACC69 /* Build configuration list for PBXNativeTarget "TripleTale" */;
			buildPhases = (
				4EA91E992C730A27001ACC69 /* Sources */,
				4EA91E9A2C730A27001ACC69 /* Frameworks */,
				4EA91E9B2C730A27001ACC69 /* Resources */,
			);
			buildRules = (
			);
			dependencies = (
			);
			name = TripleTale;
			productName = tripletalear;
			productReference = 4EA91E9D2C730A27001ACC69 /* TripleTale.app */;
			productType = "com.apple.product-type.application";
		};
/* End PBXNativeTarget section */

/* Begin PBXProject section */
		4EA91E952C730A27001ACC69 /* Project object */ = {
			isa = PBXProject;
			attributes = {
				BuildIndependentTargetsInParallel = 1;
				LastSwiftUpdateCheck = 1540;
				LastUpgradeCheck = 1540;
				TargetAttributes = {
					4EA91E9C2C730A27001ACC69 = {
						CreatedOnToolsVersion = 15.4;
					};
				};
			};
			buildConfigurationList = 4EA91E982C730A27001ACC69 /* Build configuration list for PBXProject "TripleTale" */;
			compatibilityVersion = "Xcode 14.0";
			developmentRegion = en;
			hasScannedForEncodings = 0;
			knownRegions = (
				en,
				Base,
			);
			mainGroup = 4EA91E942C730A27001ACC69;
			productRefGroup = 4EA91E9E2C730A27001ACC69 /* Products */;
			projectDirPath = "";
			projectRoot = "";
			targets = (
				4EA91E9C2C730A27001ACC69 /* TripleTale */,
			);
		};
/* End PBXProject section */

/* Begin PBXResourcesBuildPhase section */
		4EA91E9B2C730A27001ACC69 /* Resources */ = {
			isa = PBXResourcesBuildPhase;
			buildActionMask = 2147483647;
			files = (
				4EA91EAA2C730A28001ACC69 /* Assets.xcassets in Resources */,
				4EA91EA82C730A27001ACC69 /* Base in Resources */,
				4EA91EAD2C730A28001ACC69 /* Base in Resources */,
			);
			runOnlyForDeploymentPostprocessing = 0;
		};
/* End PBXResourcesBuildPhase section */

/* Begin PBXSourcesBuildPhase section */
		4EA91E992C730A27001ACC69 /* Sources */ = {
			isa = PBXSourcesBuildPhase;
			buildActionMask = 2147483647;
			files = (
				4EA91EB42C730CA1001ACC69 /* Utilities.swift in Sources */,
				4EA91EBA2C730EBF001ACC69 /* Extensions.swift in Sources */,
				4E4C7FB12C8B6275003F3F96 /* FingerBendDetector.swift in Sources */,
				4EA49E2C2C741DAA00CDA5C9 /* MainFlow.swift in Sources */,
				4EA91EA52C730A27001ACC69 /* MainViewController.swift in Sources */,
				4EA49E312C750D1600CDA5C9 /* Visualizations.swift in Sources */,
				4EA91EB62C730CCB001ACC69 /* SceneManipulations.swift in Sources */,
				4EA49E242C73A2FB00CDA5C9 /* TripleTaleV2.mlmodel in Sources */,
				4EA250AA2C88D31F00E671E7 /* DepthAnythingV2.mlpackage in Sources */,
				4E4C7FB32C8B6311003F3F96 /* FingerWidthDetector.swift in Sources */,
				4EA49E2F2C750BED00CDA5C9 /* Measurements.swift in Sources */,
				4EA49E282C7415EB00CDA5C9 /* ImageProcessing.swift in Sources */,
				4EA91EA12C730A27001ACC69 /* AppDelegate.swift in Sources */,
				4E4C7FAF2C8B6105003F3F96 /* ElbowAngleDetector.swift in Sources */,
				4EA49E262C74145300CDA5C9 /* ComputerVision.swift in Sources */,
				4E4C7FB52C8B6493003F3F96 /* HandBoundingBoxDetector.swift in Sources */,
				4EA91EB82C730D28001ACC69 /* BracketView.swift in Sources */,
			);
			runOnlyForDeploymentPostprocessing = 0;
		};
/* End PBXSourcesBuildPhase section */

/* Begin PBXVariantGroup section */
		4EA91EA62C730A27001ACC69 /* Main.storyboard */ = {
			isa = PBXVariantGroup;
			children = (
				4EA91EA72C730A27001ACC69 /* Base */,
			);
			name = Main.storyboard;
			sourceTree = "<group>";
		};
		4EA91EAB2C730A28001ACC69 /* LaunchScreen.storyboard */ = {
			isa = PBXVariantGroup;
			children = (
				4EA91EAC2C730A28001ACC69 /* Base */,
			);
			name = LaunchScreen.storyboard;
			sourceTree = "<group>";
		};
/* End PBXVariantGroup section */

/* Begin XCBuildConfiguration section */
		4EA91EAE2C730A28001ACC69 /* Debug */ = {
			isa = XCBuildConfiguration;
			buildSettings = {
				ALWAYS_SEARCH_USER_PATHS = NO;
				ASSETCATALOG_COMPILER_GENERATE_SWIFT_ASSET_SYMBOL_EXTENSIONS = YES;
				CLANG_ANALYZER_NONNULL = YES;
				CLANG_ANALYZER_NUMBER_OBJECT_CONVERSION = YES_AGGRESSIVE;
				CLANG_CXX_LANGUAGE_STANDARD = "gnu++20";
				CLANG_ENABLE_MODULES = YES;
				CLANG_ENABLE_OBJC_ARC = YES;
				CLANG_ENABLE_OBJC_WEAK = YES;
				CLANG_WARN_BLOCK_CAPTURE_AUTORELEASING = YES;
				CLANG_WARN_BOOL_CONVERSION = YES;
				CLANG_WARN_COMMA = YES;
				CLANG_WARN_CONSTANT_CONVERSION = YES;
				CLANG_WARN_DEPRECATED_OBJC_IMPLEMENTATIONS = YES;
				CLANG_WARN_DIRECT_OBJC_ISA_USAGE = YES_ERROR;
				CLANG_WARN_DOCUMENTATION_COMMENTS = YES;
				CLANG_WARN_EMPTY_BODY = YES;
				CLANG_WARN_ENUM_CONVERSION = YES;
				CLANG_WARN_INFINITE_RECURSION = YES;
				CLANG_WARN_INT_CONVERSION = YES;
				CLANG_WARN_NON_LITERAL_NULL_CONVERSION = YES;
				CLANG_WARN_OBJC_IMPLICIT_RETAIN_SELF = YES;
				CLANG_WARN_OBJC_LITERAL_CONVERSION = YES;
				CLANG_WARN_OBJC_ROOT_CLASS = YES_ERROR;
				CLANG_WARN_QUOTED_INCLUDE_IN_FRAMEWORK_HEADER = YES;
				CLANG_WARN_RANGE_LOOP_ANALYSIS = YES;
				CLANG_WARN_STRICT_PROTOTYPES = YES;
				CLANG_WARN_SUSPICIOUS_MOVE = YES;
				CLANG_WARN_UNGUARDED_AVAILABILITY = YES_AGGRESSIVE;
				CLANG_WARN_UNREACHABLE_CODE = YES;
				CLANG_WARN__DUPLICATE_METHOD_MATCH = YES;
				COPY_PHASE_STRIP = NO;
				DEBUG_INFORMATION_FORMAT = dwarf;
				ENABLE_STRICT_OBJC_MSGSEND = YES;
				ENABLE_TESTABILITY = YES;
				ENABLE_USER_SCRIPT_SANDBOXING = YES;
				GCC_C_LANGUAGE_STANDARD = gnu17;
				GCC_DYNAMIC_NO_PIC = NO;
				GCC_NO_COMMON_BLOCKS = YES;
				GCC_OPTIMIZATION_LEVEL = 0;
				GCC_PREPROCESSOR_DEFINITIONS = (
					"DEBUG=1",
					"$(inherited)",
				);
				GCC_WARN_64_TO_32_BIT_CONVERSION = YES;
				GCC_WARN_ABOUT_RETURN_TYPE = YES_ERROR;
				GCC_WARN_UNDECLARED_SELECTOR = YES;
				GCC_WARN_UNINITIALIZED_AUTOS = YES_AGGRESSIVE;
				GCC_WARN_UNUSED_FUNCTION = YES;
				GCC_WARN_UNUSED_VARIABLE = YES;
				IPHONEOS_DEPLOYMENT_TARGET = 17.5;
				LOCALIZATION_PREFERS_STRING_CATALOGS = YES;
				MTL_ENABLE_DEBUG_INFO = INCLUDE_SOURCE;
				MTL_FAST_MATH = YES;
				ONLY_ACTIVE_ARCH = YES;
				SDKROOT = iphoneos;
				SWIFT_ACTIVE_COMPILATION_CONDITIONS = "DEBUG $(inherited)";
				SWIFT_OPTIMIZATION_LEVEL = "-Onone";
			};
			name = Debug;
		};
		4EA91EAF2C730A28001ACC69 /* Release */ = {
			isa = XCBuildConfiguration;
			buildSettings = {
				ALWAYS_SEARCH_USER_PATHS = NO;
				ASSETCATALOG_COMPILER_GENERATE_SWIFT_ASSET_SYMBOL_EXTENSIONS = YES;
				CLANG_ANALYZER_NONNULL = YES;
				CLANG_ANALYZER_NUMBER_OBJECT_CONVERSION = YES_AGGRESSIVE;
				CLANG_CXX_LANGUAGE_STANDARD = "gnu++20";
				CLANG_ENABLE_MODULES = YES;
				CLANG_ENABLE_OBJC_ARC = YES;
				CLANG_ENABLE_OBJC_WEAK = YES;
				CLANG_WARN_BLOCK_CAPTURE_AUTORELEASING = YES;
				CLANG_WARN_BOOL_CONVERSION = YES;
				CLANG_WARN_COMMA = YES;
				CLANG_WARN_CONSTANT_CONVERSION = YES;
				CLANG_WARN_DEPRECATED_OBJC_IMPLEMENTATIONS = YES;
				CLANG_WARN_DIRECT_OBJC_ISA_USAGE = YES_ERROR;
				CLANG_WARN_DOCUMENTATION_COMMENTS = YES;
				CLANG_WARN_EMPTY_BODY = YES;
				CLANG_WARN_ENUM_CONVERSION = YES;
				CLANG_WARN_INFINITE_RECURSION = YES;
				CLANG_WARN_INT_CONVERSION = YES;
				CLANG_WARN_NON_LITERAL_NULL_CONVERSION = YES;
				CLANG_WARN_OBJC_IMPLICIT_RETAIN_SELF = YES;
				CLANG_WARN_OBJC_LITERAL_CONVERSION = YES;
				CLANG_WARN_OBJC_ROOT_CLASS = YES_ERROR;
				CLANG_WARN_QUOTED_INCLUDE_IN_FRAMEWORK_HEADER = YES;
				CLANG_WARN_RANGE_LOOP_ANALYSIS = YES;
				CLANG_WARN_STRICT_PROTOTYPES = YES;
				CLANG_WARN_SUSPICIOUS_MOVE = YES;
				CLANG_WARN_UNGUARDED_AVAILABILITY = YES_AGGRESSIVE;
				CLANG_WARN_UNREACHABLE_CODE = YES;
				CLANG_WARN__DUPLICATE_METHOD_MATCH = YES;
				COPY_PHASE_STRIP = NO;
				DEBUG_INFORMATION_FORMAT = "dwarf-with-dsym";
				ENABLE_NS_ASSERTIONS = NO;
				ENABLE_STRICT_OBJC_MSGSEND = YES;
				ENABLE_USER_SCRIPT_SANDBOXING = YES;
				GCC_C_LANGUAGE_STANDARD = gnu17;
				GCC_NO_COMMON_BLOCKS = YES;
				GCC_WARN_64_TO_32_BIT_CONVERSION = YES;
				GCC_WARN_ABOUT_RETURN_TYPE = YES_ERROR;
				GCC_WARN_UNDECLARED_SELECTOR = YES;
				GCC_WARN_UNINITIALIZED_AUTOS = YES_AGGRESSIVE;
				GCC_WARN_UNUSED_FUNCTION = YES;
				GCC_WARN_UNUSED_VARIABLE = YES;
				IPHONEOS_DEPLOYMENT_TARGET = 17.5;
				LOCALIZATION_PREFERS_STRING_CATALOGS = YES;
				MTL_ENABLE_DEBUG_INFO = NO;
				MTL_FAST_MATH = YES;
				SDKROOT = iphoneos;
				SWIFT_COMPILATION_MODE = wholemodule;
				VALIDATE_PRODUCT = YES;
			};
			name = Release;
		};
		4EA91EB12C730A28001ACC69 /* Debug */ = {
			isa = XCBuildConfiguration;
			buildSettings = {
				ASSETCATALOG_COMPILER_APPICON_NAME = AppIcon;
				ASSETCATALOG_COMPILER_GLOBAL_ACCENT_COLOR_NAME = AccentColor;
				CODE_SIGN_STYLE = Automatic;
				CURRENT_PROJECT_VERSION = 1;
				DEVELOPMENT_TEAM = 3PAJYRQ2FL;
				GENERATE_INFOPLIST_FILE = YES;
				INFOPLIST_KEY_NSCameraUsageDescription = "This application will use the camera for Augmented Reality and Computer Vision.";
				INFOPLIST_KEY_NSPhotoLibraryUsageDescription = "This application will use the gallery to save images";
				INFOPLIST_KEY_UIApplicationSupportsIndirectInputEvents = YES;
				INFOPLIST_KEY_UILaunchStoryboardName = LaunchScreen;
				INFOPLIST_KEY_UIMainStoryboardFile = Main;
				INFOPLIST_KEY_UIRequiredDeviceCapabilities = arkit;
				INFOPLIST_KEY_UIStatusBarHidden = YES;
				INFOPLIST_KEY_UISupportedInterfaceOrientations_iPad = "UIInterfaceOrientationPortrait UIInterfaceOrientationPortraitUpsideDown UIInterfaceOrientationLandscapeLeft UIInterfaceOrientationLandscapeRight";
				INFOPLIST_KEY_UISupportedInterfaceOrientations_iPhone = UIInterfaceOrientationPortrait;
				LD_RUNPATH_SEARCH_PATHS = (
					"$(inherited)",
					"@executable_path/Frameworks",
				);
				MARKETING_VERSION = 5.1;
				PRODUCT_BUNDLE_IDENTIFIER = com.tripletale.tripletaleapp;
				PRODUCT_NAME = "$(TARGET_NAME)";
				SUPPORTED_PLATFORMS = "iphoneos iphonesimulator";
				SUPPORTS_MACCATALYST = NO;
				SUPPORTS_MAC_DESIGNED_FOR_IPHONE_IPAD = NO;
				SUPPORTS_XR_DESIGNED_FOR_IPHONE_IPAD = NO;
				SWIFT_EMIT_LOC_STRINGS = YES;
				SWIFT_VERSION = 5.0;
				TARGETED_DEVICE_FAMILY = 1;
			};
			name = Debug;
		};
		4EA91EB22C730A28001ACC69 /* Release */ = {
			isa = XCBuildConfiguration;
			buildSettings = {
				ASSETCATALOG_COMPILER_APPICON_NAME = AppIcon;
				ASSETCATALOG_COMPILER_GLOBAL_ACCENT_COLOR_NAME = AccentColor;
				CODE_SIGN_STYLE = Automatic;
				CURRENT_PROJECT_VERSION = 1;
				DEVELOPMENT_TEAM = 3PAJYRQ2FL;
				GENERATE_INFOPLIST_FILE = YES;
				INFOPLIST_KEY_NSCameraUsageDescription = "This application will use the camera for Augmented Reality and Computer Vision.";
				INFOPLIST_KEY_NSPhotoLibraryUsageDescription = "This application will use the gallery to save images";
				INFOPLIST_KEY_UIApplicationSupportsIndirectInputEvents = YES;
				INFOPLIST_KEY_UILaunchStoryboardName = LaunchScreen;
				INFOPLIST_KEY_UIMainStoryboardFile = Main;
				INFOPLIST_KEY_UIRequiredDeviceCapabilities = arkit;
				INFOPLIST_KEY_UIStatusBarHidden = YES;
				INFOPLIST_KEY_UISupportedInterfaceOrientations_iPad = "UIInterfaceOrientationPortrait UIInterfaceOrientationPortraitUpsideDown UIInterfaceOrientationLandscapeLeft UIInterfaceOrientationLandscapeRight";
				INFOPLIST_KEY_UISupportedInterfaceOrientations_iPhone = UIInterfaceOrientationPortrait;
				LD_RUNPATH_SEARCH_PATHS = (
					"$(inherited)",
					"@executable_path/Frameworks",
				);
				MARKETING_VERSION = 5.1;
				PRODUCT_BUNDLE_IDENTIFIER = com.tripletale.tripletaleapp;
				PRODUCT_NAME = "$(TARGET_NAME)";
				SUPPORTED_PLATFORMS = "iphoneos iphonesimulator";
				SUPPORTS_MACCATALYST = NO;
				SUPPORTS_MAC_DESIGNED_FOR_IPHONE_IPAD = NO;
				SUPPORTS_XR_DESIGNED_FOR_IPHONE_IPAD = NO;
				SWIFT_EMIT_LOC_STRINGS = YES;
				SWIFT_VERSION = 5.0;
				TARGETED_DEVICE_FAMILY = 1;
			};
			name = Release;
		};
/* End XCBuildConfiguration section */

/* Begin XCConfigurationList section */
		4EA91E982C730A27001ACC69 /* Build configuration list for PBXProject "TripleTale" */ = {
			isa = XCConfigurationList;
			buildConfigurations = (
				4EA91EAE2C730A28001ACC69 /* Debug */,
				4EA91EAF2C730A28001ACC69 /* Release */,
			);
			defaultConfigurationIsVisible = 0;
			defaultConfigurationName = Release;
		};
		4EA91EB02C730A28001ACC69 /* Build configuration list for PBXNativeTarget "TripleTale" */ = {
			isa = XCConfigurationList;
			buildConfigurations = (
				4EA91EB12C730A28001ACC69 /* Debug */,
				4EA91EB22C730A28001ACC69 /* Release */,
			);
			defaultConfigurationIsVisible = 0;
			defaultConfigurationName = Release;
		};
/* End XCConfigurationList section */
	};
	rootObject = 4EA91E952C730A27001ACC69 /* Project object */;
}
